
Microsoft Visual Studio Solution File, Format Version 12.00
# Visual Studio Version 17
VisualStudioVersion = 17.0.31903.59
MinimumVisualStudioVersion = 10.0.40219.1
Project("{2150E333-8FDC-42A3-9474-1A3956D46DE8}") = "src", "src", "{827E0CD3-B72D-47B6-A68D-7590B98EB39B}"
EndProject
Project("{FAE04EC0-301F-11D3-BF4B-00C04F79EFBC}") = "ApimBilling.Contracts", "src\ApimBilling.Contracts\ApimBilling.Contracts.csproj", "{56150D3A-476A-4D78-99DC-CE56A759B4E6}"
EndProject
Project("{FAE04EC0-301F-11D3-BF4B-00C04F79EFBC}") = "ApimBilling.Api", "src\ApimBilling.Api\ApimBilling.Api.csproj", "{0309870A-3583-4200-81D4-EC89A3E35793}"
EndProject
Project("{FAE04EC0-301F-11D3-BF4B-00C04F79EFBC}") = "ApimBilling.Web", "src\ApimBilling.Web\ApimBilling.Web.csproj", "{6D3C4086-7551-45B6-A79B-BCC435245119}"
EndProject
Project("{2150E333-8FDC-42A3-9474-1A3956D46DE8}") = "tests", "tests", "{0AB3BF05-4346-4AA6-1389-037BE0695223}"
EndProject
Project("{FAE04EC0-301F-11D3-BF4B-00C04F79EFBC}") = "ApimBilling.Api.Tests", "tests\ApimBilling.Api.Tests\ApimBilling.Api.Tests.csproj", "{DCA2BED4-2F3C-4968-A3AB-2FC5FEC41FF7}"
EndProject
Project("{FAE04EC0-301F-11D3-BF4B-00C04F79EFBC}") = "ApimBilling.ArmClient.Tests", "tests\ApimBilling.ArmClient.Tests\ApimBilling.ArmClient.Tests.csproj", "{E6D2A8A2-24B2-4848-81BC-BA4AEE6BB7FB}"
EndProject
Global
	GlobalSection(SolutionConfigurationPlatforms) = preSolution
		Debug|Any CPU = Debug|Any CPU
		Debug|x64 = Debug|x64
		Debug|x86 = Debug|x86
		Release|Any CPU = Release|Any CPU
		Release|x64 = Release|x64
		Release|x86 = Release|x86
	EndGlobalSection
	GlobalSection(ProjectConfigurationPlatforms) = postSolution
		{56150D3A-476A-4D78-99DC-CE56A759B4E6}.Debug|Any CPU.ActiveCfg = Debug|Any CPU
		{56150D3A-476A-4D78-99DC-CE56A759B4E6}.Debug|Any CPU.Build.0 = Debug|Any CPU
		{56150D3A-476A-4D78-99DC-CE56A759B4E6}.Debug|x64.ActiveCfg = Debug|Any CPU
		{56150D3A-476A-4D78-99DC-CE56A759B4E6}.Debug|x64.Build.0 = Debug|Any CPU
		{56150D3A-476A-4D78-99DC-CE56A759B4E6}.Debug|x86.ActiveCfg = Debug|Any CPU
		{56150D3A-476A-4D78-99DC-CE56A759B4E6}.Debug|x86.Build.0 = Debug|Any CPU
		{56150D3A-476A-4D78-99DC-CE56A759B4E6}.Release|Any CPU.ActiveCfg = Release|Any CPU
		{56150D3A-476A-4D78-99DC-CE56A759B4E6}.Release|Any CPU.Build.0 = Release|Any CPU
		{56150D3A-476A-4D78-99DC-CE56A759B4E6}.Release|x64.ActiveCfg = Release|Any CPU
		{56150D3A-476A-4D78-99DC-CE56A759B4E6}.Release|x64.Build.0 = Release|Any CPU
		{56150D3A-476A-4D78-99DC-CE56A759B4E6}.Release|x86.ActiveCfg = Release|Any CPU
		{56150D3A-476A-4D78-99DC-CE56A759B4E6}.Release|x86.Build.0 = Release|Any CPU
		{0309870A-3583-4200-81D4-EC89A3E35793}.Debug|Any CPU.ActiveCfg = Debug|Any CPU
		{0309870A-3583-4200-81D4-EC89A3E35793}.Debug|Any CPU.Build.0 = Debug|Any CPU
		{0309870A-3583-4200-81D4-EC89A3E35793}.Debug|x64.ActiveCfg = Debug|Any CPU
		{0309870A-3583-4200-81D4-EC89A3E35793}.Debug|x64.Build.0 = Debug|Any CPU
		{0309870A-3583-4200-81D4-EC89A3E35793}.Debug|x86.ActiveCfg = Debug|Any CPU
		{0309870A-3583-4200-81D4-EC89A3E35793}.Debug|x86.Build.0 = Debug|Any CPU
		{0309870A-3583-4200-81D4-EC89A3E35793}.Release|Any CPU.ActiveCfg = Release|Any CPU
		{0309870A-3583-4200-81D4-EC89A3E35793}.Release|Any CPU.Build.0 = Release|Any CPU
		{0309870A-3583-4200-81D4-EC89A3E35793}.Release|x64.ActiveCfg = Release|Any CPU
		{0309870A-3583-4200-81D4-EC89A3E35793}.Release|x64.Build.0 = Release|Any CPU
		{0309870A-3583-4200-81D4-EC89A3E35793}.Release|x86.ActiveCfg = Release|Any CPU
		{0309870A-3583-4200-81D4-EC89A3E35793}.Release|x86.Build.0 = Release|Any CPU
		{6D3C4086-7551-45B6-A79B-BCC435245119}.Debug|Any CPU.ActiveCfg = Debug|Any CPU
		{6D3C4086-7551-45B6-A79B-BCC435245119}.Debug|Any CPU.Build.0 = Debug|Any CPU
		{6D3C4086-7551-45B6-A79B-BCC435245119}.Debug|x64.ActiveCfg = Debug|Any CPU
		{6D3C4086-7551-45B6-A79B-BCC435245119}.Debug|x64.Build.0 = Debug|Any CPU
		{6D3C4086-7551-45B6-A79B-BCC435245119}.Debug|x86.ActiveCfg = Debug|Any CPU
		{6D3C4086-7551-45B6-A79B-BCC435245119}.Debug|x86.Build.0 = Debug|Any CPU
		{6D3C4086-7551-45B6-A79B-BCC435245119}.Release|Any CPU.ActiveCfg = Release|Any CPU
		{6D3C4086-7551-45B6-A79B-BCC435245119}.Release|Any CPU.Build.0 = Release|Any CPU
		{6D3C4086-7551-45B6-A79B-BCC435245119}.Release|x64.ActiveCfg = Release|Any CPU
		{6D3C4086-7551-45B6-A79B-BCC435245119}.Release|x64.Build.0 = Release|Any CPU
		{6D3C4086-7551-45B6-A79B-BCC435245119}.Release|x86.ActiveCfg = Release|Any CPU
		{6D3C4086-7551-45B6-A79B-BCC435245119}.Release|x86.Build.0 = Release|Any CPU
		{DCA2BED4-2F3C-4968-A3AB-2FC5FEC41FF7}.Debug|Any CPU.ActiveCfg = Debug|Any CPU
		{DCA2BED4-2F3C-4968-A3AB-2FC5FEC41FF7}.Debug|Any CPU.Build.0 = Debug|Any CPU
		{DCA2BED4-2F3C-4968-A3AB-2FC5FEC41FF7}.Debug|x64.ActiveCfg = Debug|Any CPU
		{DCA2BED4-2F3C-4968-A3AB-2FC5FEC41FF7}.Debug|x64.Build.0 = Debug|Any CPU
		{DCA2BED4-2F3C-4968-A3AB-2FC5FEC41FF7}.Debug|x86.ActiveCfg = Debug|Any CPU
		{DCA2BED4-2F3C-4968-A3AB-2FC5FEC41FF7}.Debug|x86.Build.0 = Debug|Any CPU
		{DCA2BED4-2F3C-4968-A3AB-2FC5FEC41FF7}.Release|Any CPU.ActiveCfg = Release|Any CPU
		{DCA2BED4-2F3C-4968-A3AB-2FC5FEC41FF7}.Release|Any CPU.Build.0 = Release|Any CPU
		{DCA2BED4-2F3C-4968-A3AB-2FC5FEC41FF7}.Release|x64.ActiveCfg = Release|Any CPU
		{DCA2BED4-2F3C-4968-A3AB-2FC5FEC41FF7}.Release|x64.Build.0 = Release|Any CPU
		{DCA2BED4-2F3C-4968-A3AB-2FC5FEC41FF7}.Release|x86.ActiveCfg = Release|Any CPU
		{DCA2BED4-2F3C-4968-A3AB-2FC5FEC41FF7}.Release|x86.Build.0 = Release|Any CPU
		{E6D2A8A2-24B2-4848-81BC-BA4AEE6BB7FB}.Debug|Any CPU.ActiveCfg = Debug|Any CPU
		{E6D2A8A2-24B2-4848-81BC-BA4AEE6BB7FB}.Debug|Any CPU.Build.0 = Debug|Any CPU
		{E6D2A8A2-24B2-4848-81BC-BA4AEE6BB7FB}.Debug|x64.ActiveCfg = Debug|Any CPU
		{E6D2A8A2-24B2-4848-81BC-BA4AEE6BB7FB}.Debug|x64.Build.0 = Debug|Any CPU
		{E6D2A8A2-24B2-4848-81BC-BA4AEE6BB7FB}.Debug|x86.ActiveCfg = Debug|Any CPU
		{E6D2A8A2-24B2-4848-81BC-BA4AEE6BB7FB}.Debug|x86.Build.0 = Debug|Any CPU
		{E6D2A8A2-24B2-4848-81BC-BA4AEE6BB7FB}.Release|Any CPU.ActiveCfg = Release|Any CPU
		{E6D2A8A2-24B2-4848-81BC-BA4AEE6BB7FB}.Release|Any CPU.Build.0 = Release|Any CPU
		{E6D2A8A2-24B2-4848-81BC-BA4AEE6BB7FB}.Release|x64.ActiveCfg = Release|Any CPU
		{E6D2A8A2-24B2-4848-81BC-BA4AEE6BB7FB}.Release|x64.Build.0 = Release|Any CPU
		{E6D2A8A2-24B2-4848-81BC-BA4AEE6BB7FB}.Release|x86.ActiveCfg = Release|Any CPU
		{E6D2A8A2-24B2-4848-81BC-BA4AEE6BB7FB}.Release|x86.Build.0 = Release|Any CPU
	EndGlobalSection
	GlobalSection(SolutionProperties) = preSolution
		HideSolutionNode = FALSE
	EndGlobalSection
	GlobalSection(NestedProjects) = preSolution
		{56150D3A-476A-4D78-99DC-CE56A759B4E6} = {827E0CD3-B72D-47B6-A68D-7590B98EB39B}
		{0309870A-3583-4200-81D4-EC89A3E35793} = {827E0CD3-B72D-47B6-A68D-7590B98EB39B}
		{6D3C4086-7551-45B6-A79B-BCC435245119} = {827E0CD3-B72D-47B6-A68D-7590B98EB39B}
		{DCA2BED4-2F3C-4968-A3AB-2FC5FEC41FF7} = {0AB3BF05-4346-4AA6-1389-037BE0695223}
		{E6D2A8A2-24B2-4848-81BC-BA4AEE6BB7FB} = {0AB3BF05-4346-4AA6-1389-037BE0695223}
	EndGlobalSection
EndGlobal
